# THIS IS AN AUTOGENERATED FILE. DO NOT EDIT THIS FILE DIRECTLY.
# yarn lockfile v1


blurhash@^2.0.5:
  version "2.0.5"
  resolved "https://registry.yarnpkg.com/blurhash/-/blurhash-2.0.5.tgz#efde729fc14a2f03571a6aa91b49cba80d1abe4b"
  integrity sha512-cRygWd7kGBQO3VEhPiTgq4Wc43ctsM+o46urrmPOiuAe+07fzlSB9OJVdpgDL0jPqXUVQ9ht7aq7kxOeJHRK+w==
